NeoBundleLock CSApprox a2958096696f9132ef0ece44b3fab93dac6df8d0
NeoBundleLock HTML-AutoCloseTag c2f6f59cf5c08dd487ef361f93ba09317a840e25
NeoBundleLock c.vim 69f0368c7d8dac196bd94ddfa80d98b1cedc7eb0
NeoBundleLock ctrlp.vim bc94048c41acaeaf3e4e9d4a6b3074a9f5cb9775
NeoBundleLock emmet-vim c6e11d22dc9c66a727619362097e97f4c80c53ae
NeoBundleLock grep.vim 852ddb0c6590bbc41c508d7f5d2fc17112492def
NeoBundleLock indentLine 2e25ce6abed8754223adf5255a186ef4b15d5844
NeoBundleLock jedi-vim 9eaede84b235fcbbe1b9164dda29bccd8a406fb2
NeoBundleLock molokai db8ce13b3737d3ddea8368498183d7c204a762eb
NeoBundleLock neobundle.vim 27c473e6b8c0d9aef620d4a993615a5537175e36
NeoBundleLock nerdtree 3b98a7fcae8f9fff356907171f0406ff8cd28921
NeoBundleLock syntastic 6b76c26cbaa2565387b62c7a7af9a56402dcf297
NeoBundleLock tagbar 00dfa82b00e734b453153564efeec933c48087f0
NeoBundleLock ultisnips d693259abb2e28f70abf760d395fcf526d5272ee
NeoBundleLock vim-airline 446397e006d8cba9e1ac38d8c656ba39218c139b
NeoBundleLock vim-bootstrap-updater 83f1e75acb63ef72f987c0fb72a9dcb3b3d76168
NeoBundleLock vim-coloresque 0c21b1469993e610600e88e734ffe90b9c10a514
NeoBundleLock vim-colorschemes 81c6dd7ce3169e5ad9ba92422ba6e1ce5b074e36
NeoBundleLock vim-commentary 9c685131a5facfa0d643feca3a61b41c007d8170
NeoBundleLock vim-css3-syntax f2dccd2c9413e7f586aec9d92da57685fd77ebd6
NeoBundleLock vim-fugitive 933f6a1e1df549564062f936bd1c836d28cf1676
NeoBundleLock vim-gitgutter e5efbaffc066ababc9ae0d689c7050fa5d6591bd
NeoBundleLock vim-haml 204e32721154766e03e99ff857bc798aa5b741dc
NeoBundleLock vim-polyglot b7a30b1f1a963902d9743ae229a1f9d18b887e17
NeoBundleLock vim-snippets d2d02b7209064701b480068d56589d9778e01375
NeoBundleLock vimproc.vim 04b45cd80f48f66daed04a1a48a7ea4e7d316086
NeoBundleLock vimshell.vim 9fc163d57f6bb548df3e322c3db418c3f4226020
